
# cargo-vet imports lock

[[publisher.unicode-xid]]
version = "0.2.6"
when = "2024-09-19"
user-id = 1139
user-login = "Manishearth"
user-name = "Manish Goregaokar"

[[publisher.uniffi]]
version = "0.32.0"
when = "2026-06-30"
user-id = 111105
user-login = "mhammond"
user-name = "Mark Hammond"

[[publisher.uniffi_bindgen]]
version = "0.32.0"
when = "2026-06-30"
user-id = 111105
user-login = "mhammond"
user-name = "Mark Hammond"

[[publisher.uniffi_core]]
version = "0.32.0"
when = "2026-06-30"
user-id = 111105
user-login = "mhammond"
user-name = "Mark Hammond"

[[publisher.uniffi_internal_macros]]
version = "0.32.0"
when = "2026-06-30"
user-id = 111105
user-login = "mhammond"
user-name = "Mark Hammond"

[[publisher.uniffi_macros]]
version = "0.32.0"
when = "2026-06-30"
user-id = 111105
user-login = "mhammond"
user-name = "Mark Hammond"

[[publisher.uniffi_meta]]
version = "0.32.0"
when = "2026-06-30"
user-id = 111105
user-login = "mhammond"
user-name = "Mark Hammond"

[[publisher.uniffi_pipeline]]
version = "0.32.0"
when = "2026-06-30"
user-id = 111105
user-login = "mhammond"
user-name = "Mark Hammond"

[[publisher.uniffi_udl]]
version = "0.32.0"
when = "2026-06-30"
user-id = 111105
user-login = "mhammond"
user-name = "Mark Hammond"

[[publisher.wasip2]]
version = "1.0.4+wasi-0.2.12"
when = "2026-06-12"
user-id = 1
user-login = "alexcrichton"
user-name = "Alex Crichton"

[[publisher.weedle2]]
version = "5.0.0"
when = "2024-01-24"
user-id = 127697
user-login = "bendk"

[[publisher.wit-bindgen]]
version = "0.57.1"
when = "2026-04-17"
trusted-publisher = "github:bytecodealliance/wit-bindgen"

[[audits.bytecode-alliance.wildcard-audits.wasip2]]
who = "Alex Crichton <alex@alexcrichton.com>"
criteria = "safe-to-deploy"
user-id = 1 # Alex Crichton (alexcrichton)
start = "2025-08-10"
end = "2026-08-21"
notes = """
This is a Bytecode Alliance authored crate.
"""

[[audits.bytecode-alliance.wildcard-audits.wit-bindgen]]
who = "Alex Crichton <alex@alexcrichton.com>"
criteria = "safe-to-deploy"
trusted-publisher = "github:bytecodealliance/wit-bindgen"
start = "2025-08-13"
end = "2027-01-08"
notes = "The Bytecode Alliance is the author of this crate"

[[audits.bytecode-alliance.audits.cargo_metadata]]
who = "Pat Hickey <phickey@fastly.com>"
criteria = "safe-to-deploy"
version = "0.15.3"
notes = "no build, no unsafe, inputs to cargo command are reasonably sanitized"

[[audits.bytecode-alliance.audits.cargo_metadata]]
who = "Alex Crichton <alex@alexcrichton.com>"
criteria = "safe-to-deploy"
delta = "0.17.0 -> 0.18.1"
notes = "No major changes, no unsafe code here."

[[audits.bytecode-alliance.audits.cargo_metadata]]
who = "Alex Crichton <alex@alexcrichton.com>"
criteria = "safe-to-deploy"
delta = "0.18.1 -> 0.19.2"
notes = "Dependency updates and minor changes, nothing suspicious."

[[audits.bytecode-alliance.audits.cfg-if]]
who = "Alex Crichton <alex@alexcrichton.com>"
criteria = "safe-to-deploy"
version = "1.0.0"
notes = "I am the author of this crate."

[[audits.bytecode-alliance.audits.cipher]]
who = "Andrew Brown <andrew.brown@intel.com>"
criteria = "safe-to-deploy"
version = "0.4.4"
notes = "Most unsafe is hidden by `inout` dependency; only remaining unsafe is raw-splitting a slice and an unreachable hint. Older versions of this regularly reach ~150k daily downloads."

[[audits.bytecode-alliance.audits.heck]]
who = "Alex Crichton <alex@alexcrichton.com>"
criteria = "safe-to-deploy"
delta = "0.4.1 -> 0.5.0"
notes = "Minor changes for a `no_std` upgrade but otherwise everything looks as expected."

[[audits.bytecode-alliance.audits.num-traits]]
who = "Andrew Brown <andrew.brown@intel.com>"
criteria = "safe-to-deploy"
version = "0.2.19"
notes = "As advertised: a numeric library. The only `unsafe` is from some float-to-int conversions, which seems expected."

[[audits.bytecode-alliance.audits.percent-encoding]]
who = "Alex Crichton <alex@alexcrichton.com>"
criteria = "safe-to-deploy"
version = "2.2.0"
notes = """
This crate is a single-file crate that does what it says on the tin. There are
a few `unsafe` blocks related to utf-8 validation which are locally verifiable
as correct and otherwise this crate is good to go.
"""

[[audits.bytecode-alliance.audits.rustc_version]]
who = "Alex Crichton <alex@alexcrichton.com>"
criteria = "safe-to-deploy"
delta = "0.4.0 -> 0.4.1"
notes = "Minor changes, nothing worrisome"

[[audits.bytecode-alliance.audits.semver]]
who = "Pat Hickey <phickey@fastly.com>"
criteria = "safe-to-deploy"
version = "1.0.17"
notes = "plenty of unsafe pointer and vec tricks, but in well-structured and commented code that appears to be correct"

[[audits.bytecode-alliance.audits.static_assertions]]
who = "Andrew Brown <andrew.brown@intel.com>"
criteria = "safe-to-deploy"
version = "1.1.0"
notes = "No dependencies and completely a compile-time crate as advertised. Uses `unsafe` in one module as a compile-time check only: `mem::transmute` and `ptr::write` are wrapped in an impossible-to-run closure."

[[audits.embark-studios.audits.cargo_metadata]]
who = "Johan Andersson <opensource@embark-studios.com>"
criteria = "safe-to-deploy"
delta = "0.15.3 -> 0.15.4"
notes = "No notable changes"

[[audits.embark-studios.audits.cargo_metadata]]
who = "Johan Andersson <opensource@embark-studios.com>"
criteria = "safe-to-deploy"
delta = "0.15.4 -> 0.17.0"
notes = "No notable changes"

[[audits.google.audits.equivalent]]
who = "George Burgess IV <gbiv@google.com>"
criteria = "safe-to-deploy"
version = "1.0.1"
aggregated-from = "https://chromium.googlesource.com/chromiumos/third_party/rust_crates/+/refs/heads/main/cargo-vet/audits.toml?format=TEXT"

[[audits.google.audits.equivalent]]
who = "Jonathan Hao <phao@chromium.org>"
criteria = "safe-to-deploy"
delta = "1.0.1 -> 1.0.2"
notes = "No changes to any .rs files or Rust code."
aggregated-from = "https://chromium.googlesource.com/chromium/src/+/main/third_party/rust/chromium_crates_io/supply-chain/audits.toml?format=TEXT"

[[audits.google.audits.heck]]
who = "Lukasz Anforowicz <lukasza@chromium.org>"
criteria = "safe-to-deploy"
version = "0.4.1"
notes = """
Grepped for `-i cipher`, `-i crypto`, `'\bfs\b'``, `'\bnet\b'``, `'\bunsafe\b'``
and there were no hits.

`heck` (version `0.3.3`) has been added to Chromium in
https://source.chromium.org/chromium/chromium/src/+/28841c33c77833cc30b286f9ae24c97e7a8f4057
"""
aggregated-from = "https://chromium.googlesource.com/chromium/src/+/main/third_party/rust/chromium_crates_io/supply-chain/audits.toml?format=TEXT"

[[audits.google.audits.indexmap]]
who = "Lukasz Anforowicz <lukasza@chromium.org>"
criteria = "safe-to-deploy"
version = "2.7.1"
notes = '''
Grepped for `-i cipher`, `-i crypto`, `'\bfs\b'`, `'\bnet\b'`
and there were no hits.

There is a little bit of `unsafe` Rust code - the audit can be found at
https://chromium-review.googlesource.com/c/chromium/src/+/6187726/2
'''
aggregated-from = "https://chromium.googlesource.com/chromium/src/+/main/third_party/rust/chromium_crates_io/supply-chain/audits.toml?format=TEXT"

[[audits.google.audits.indexmap]]
who = "Lukasz Anforowicz <lukasza@chromium.org>"
criteria = "safe-to-deploy"
delta = "2.7.1 -> 2.8.0"
notes = """
No `unsafe` introduced or affected in:
* `indexmap_with_default!` and `indexset_with_default!` macros
* New `PartialEq` implementations
* `fn slice_eq` in `util.rs`
"""
aggregated-from = "https://chromium.googlesource.com/chromium/src/+/main/third_party/rust/chromium_crates_io/supply-chain/audits.toml?format=TEXT"

[[audits.google.audits.nom]]
who = "danakj@chromium.org"
criteria = "safe-to-deploy"
version = "7.1.3"
notes = """
Reviewed in https://chromium-review.googlesource.com/c/chromium/src/+/5046153
"""
aggregated-from = "https://chromium.googlesource.com/chromium/src/+/main/third_party/rust/chromium_crates_io/supply-chain/audits.toml?format=TEXT"

[[audits.google.audits.quote]]
who = "Lukasz Anforowicz <lukasza@chromium.org>"
criteria = "safe-to-deploy"
version = "1.0.35"
notes = """
Grepped for "unsafe", "crypt", "cipher", "fs", "net" - there were no hits
(except for benign "net" hit in tests and "fs" hit in README.md)
"""
aggregated-from = "https://chromium.googlesource.com/chromium/src/+/main/third_party/rust/chromium_crates_io/supply-chain/audits.toml?format=TEXT"

[[audits.google.audits.quote]]
who = "Adrian Taylor <adetaylor@chromium.org>"
criteria = "safe-to-deploy"
delta = "1.0.35 -> 1.0.36"
aggregated-from = "https://chromium.googlesource.com/chromium/src/+/main/third_party/rust/chromium_crates_io/supply-chain/audits.toml?format=TEXT"

[[audits.google.audits.quote]]
who = "Lukasz Anforowicz <lukasza@chromium.org>"
criteria = "safe-to-deploy"
delta = "1.0.36 -> 1.0.37"
notes = """
The delta just 1) inlines/expands `impl ToTokens` that used to be handled via
`primitive!` macro and 2) adds `impl ToTokens` for `CStr` and `CString`.
"""
aggregated-from = "https://chromium.googlesource.com/chromium/src/+/main/third_party/rust/chromium_crates_io/supply-chain/audits.toml?format=TEXT"

[[audits.google.audits.quote]]
who = "Dustin J. Mitchell <djmitche@chromium.org>"
criteria = "safe-to-deploy"
delta = "1.0.37 -> 1.0.38"
notes = "Still no unsafe"
aggregated-from = "https://chromium.googlesource.com/chromium/src/+/main/third_party/rust/chromium_crates_io/supply-chain/audits.toml?format=TEXT"

[[audits.google.audits.quote]]
who = "Daniel Cheng <dcheng@chromium.org>"
criteria = "safe-to-deploy"
delta = "1.0.38 -> 1.0.39"
notes = "Only minor changes for clippy lints and documentation."
aggregated-from = "https://chromium.googlesource.com/chromium/src/+/main/third_party/rust/chromium_crates_io/supply-chain/audits.toml?format=TEXT"

[[audits.google.audits.quote]]
who = "Lukasz Anforowicz <lukasza@chromium.org>"
criteria = "safe-to-deploy"
delta = "1.0.39 -> 1.0.40"
notes = """
The delta is just a simplification of how `tokens.extend(...)` call is made.
Still no `unsafe` anywhere.
"""
aggregated-from = "https://chromium.googlesource.com/chromium/src/+/main/third_party/rust/chromium_crates_io/supply-chain/audits.toml?format=TEXT"

[[audits.google.audits.strsim]]
who = "danakj@chromium.org"
criteria = "safe-to-deploy"
version = "0.10.0"
notes = """
Reviewed in https://crrev.com/c/5171063

Previously reviewed during security review and the audit is grandparented in.
"""
aggregated-from = "https://chromium.googlesource.com/chromium/src/+/main/third_party/rust/chromium_crates_io/supply-chain/audits.toml?format=TEXT"

[[audits.google.audits.termcolor]]
who = "danakj@chromium.org"
criteria = "safe-to-run"
version = "1.4.0"
notes = """
Reviewed in https://crrev.com/c/5171063

Previously reviewed during security review and the audit is grandparented in.
"""
aggregated-from = "https://chromium.googlesource.com/chromium/src/+/main/third_party/rust/chromium_crates_io/supply-chain/audits.toml?format=TEXT"

[[audits.google.audits.termcolor]]
who = "Lukasz Anforowicz <lukasza@chromium.org>"
criteria = "safe-to-run"
delta = "1.4.0 -> 1.4.1"
aggregated-from = "https://chromium.googlesource.com/chromium/src/+/main/third_party/rust/chromium_crates_io/supply-chain/audits.toml?format=TEXT"

[[audits.isrg.audits.cfg-if]]
who = "David Cook <dcook@divviup.org>"
criteria = "safe-to-deploy"
delta = "1.0.0 -> 1.0.1"

[[audits.isrg.audits.cfg-if]]
who = "J.C. Jones <jc@divviup.org>"
criteria = "safe-to-deploy"
delta = "1.0.1 -> 1.0.3"

[[audits.isrg.audits.cfg-if]]
who = "David Cook <dcook@divviup.org>"
criteria = "safe-to-deploy"
delta = "1.0.3 -> 1.0.4"

[[audits.isrg.audits.cpufeatures]]
who = "David Cook <dcook@divviup.org>"
criteria = "safe-to-deploy"
delta = "0.2.17 -> 0.3.0"

[[audits.isrg.audits.fiat-crypto]]
who = "David Cook <dcook@divviup.org>"
criteria = "safe-to-deploy"
version = "0.1.17"
notes = """
This crate does not contain any unsafe code, and does not use any items from
the standard library or other crates, aside from operations backed by
`std::ops`. All paths with array indexing use integer literals for indexes, so
there are no panics due to indexes out of bounds (as rustc would catch an
out-of-bounds literal index). I did not check whether arithmetic overflows
could cause a panic, and I am relying on the Coq code having satisfied the
necessary preconditions to ensure panics due to overflows are unreachable.
"""

[[audits.isrg.audits.fiat-crypto]]
who = "Brandon Pitman <bran@bran.land>"
criteria = "safe-to-deploy"
delta = "0.1.17 -> 0.1.18"

[[audits.isrg.audits.fiat-crypto]]
who = "David Cook <dcook@divviup.org>"
criteria = "safe-to-deploy"
delta = "0.1.18 -> 0.1.19"
notes = """
This release renames many items and adds a new module. The code in the new
module is entirely composed of arithmetic and array accesses.
"""

[[audits.isrg.audits.fiat-crypto]]
who = "David Cook <dcook@divviup.org>"
criteria = "safe-to-deploy"
delta = "0.1.19 -> 0.1.20"

[[audits.isrg.audits.fiat-crypto]]
who = "David Cook <dcook@divviup.org>"
criteria = "safe-to-deploy"
delta = "0.1.20 -> 0.2.0"

[[audits.isrg.audits.fiat-crypto]]
who = "Brandon Pitman <bran@bran.land>"
criteria = "safe-to-deploy"
delta = "0.2.0 -> 0.2.1"

[[audits.isrg.audits.fiat-crypto]]
who = "Tim Geoghegan <timg@divviup.org>"
criteria = "safe-to-deploy"
delta = "0.2.1 -> 0.2.2"
notes = "No changes to `unsafe` code, or any functional changes that I can detect at all."

[[audits.isrg.audits.fiat-crypto]]
who = "Brandon Pitman <bran@bran.land>"
criteria = "safe-to-deploy"
delta = "0.2.2 -> 0.2.4"

[[audits.isrg.audits.fiat-crypto]]
who = "David Cook <dcook@divviup.org>"
criteria = "safe-to-deploy"
delta = "0.2.4 -> 0.2.5"

[[audits.isrg.audits.fiat-crypto]]
who = "Brandon Pitman <bran@bran.land>"
criteria = "safe-to-deploy"
delta = "0.2.5 -> 0.2.6"

[[audits.isrg.audits.fiat-crypto]]
who = "Brandon Pitman <bran@bran.land>"
criteria = "safe-to-deploy"
delta = "0.2.6 -> 0.2.7"

[[audits.isrg.audits.fiat-crypto]]
who = "David Cook <dcook@divviup.org>"
criteria = "safe-to-deploy"
delta = "0.2.7 -> 0.2.8"

[[audits.isrg.audits.fiat-crypto]]
who = "Tim Geoghegan <timg@divviup.org>"
criteria = "safe-to-deploy"
delta = "0.2.8 -> 0.2.9"
notes = "No changes to Rust code between 0.2.8 and 0.2.9"

[[audits.isrg.audits.inout]]
who = "David Cook <dcook@divviup.org>"
criteria = "safe-to-deploy"
delta = "0.1.4 -> 0.2.2"

[[audits.isrg.audits.sha2]]
who = "David Cook <dcook@divviup.org>"
criteria = "safe-to-deploy"
version = "0.10.2"

[[audits.isrg.audits.sha2]]
who = "David Cook <dcook@divviup.org>"
criteria = "safe-to-deploy"
delta = "0.10.8 -> 0.10.9"

[[audits.isrg.audits.subtle]]
who = "David Cook <dcook@divviup.org>"
criteria = "safe-to-deploy"
delta = "2.5.0 -> 2.6.1"

[[audits.mozilla.wildcard-audits.unicode-xid]]
who = "Manish Goregaokar <manishsmail@gmail.com>"
criteria = "safe-to-deploy"
user-id = 1139 # Manish Goregaokar (Manishearth)
start = "2019-07-25"
end = "2027-04-23"
notes = "All code written or reviewed by Manish"
aggregated-from = "https://hg.mozilla.org/mozilla-central/raw-file/tip/supply-chain/audits.toml"

[[audits.mozilla.wildcard-audits.uniffi]]
who = "Ben Dean-Kawamura <bdk@mozilla.com>"
criteria = "safe-to-deploy"
user-id = 111105 # Mark Hammond (mhammond)
start = "2021-11-22"
end = "2027-07-31"
notes = "Maintained by the Glean and Application Services teams"
aggregated-from = "https://hg.mozilla.org/mozilla-central/raw-file/tip/supply-chain/audits.toml"

[[audits.mozilla.wildcard-audits.uniffi_bindgen]]
who = "Ben Dean-Kawamura <bdk@mozilla.com>"
criteria = "safe-to-deploy"
user-id = 111105 # Mark Hammond (mhammond)
start = "2021-11-22"
end = "2027-07-31"
notes = "Maintained by the Glean and Application Services teams"
aggregated-from = "https://hg.mozilla.org/mozilla-central/raw-file/tip/supply-chain/audits.toml"

[[audits.mozilla.wildcard-audits.uniffi_core]]
who = "Ben Dean-Kawamura <bdk@mozilla.com>"
criteria = "safe-to-deploy"
user-id = 111105 # Mark Hammond (mhammond)
start = "2023-11-20"
end = "2027-07-31"
notes = "Maintained by the Glean and Application Services teams"
aggregated-from = "https://hg.mozilla.org/mozilla-central/raw-file/tip/supply-chain/audits.toml"

[[audits.mozilla.wildcard-audits.uniffi_internal_macros]]
who = "Jan-Erik Rediger <jrediger@mozilla.com>"
criteria = "safe-to-deploy"
user-id = 111105 # Mark Hammond (mhammond)
start = "2025-03-18"
end = "2027-04-23"
aggregated-from = "https://hg.mozilla.org/mozilla-central/raw-file/tip/supply-chain/audits.toml"

[[audits.mozilla.wildcard-audits.uniffi_macros]]
who = "Ben Dean-Kawamura <bdk@mozilla.com>"
criteria = "safe-to-deploy"
user-id = 111105 # Mark Hammond (mhammond)
start = "2021-11-22"
end = "2027-07-31"
notes = "Maintained by the Glean and Application Services teams"
aggregated-from = "https://hg.mozilla.org/mozilla-central/raw-file/tip/supply-chain/audits.toml"

[[audits.mozilla.wildcard-audits.uniffi_meta]]
who = "Ben Dean-Kawamura <bdk@mozilla.com>"
criteria = "safe-to-deploy"
user-id = 111105 # Mark Hammond (mhammond)
start = "2023-11-20"
end = "2027-07-31"
notes = "Maintained by the Glean and Application Services teams"
aggregated-from = "https://hg.mozilla.org/mozilla-central/raw-file/tip/supply-chain/audits.toml"

[[audits.mozilla.wildcard-audits.uniffi_pipeline]]
who = "Ben Dean-Kawamura <bdk@mozilla.com>"
criteria = "safe-to-deploy"
user-id = 111105 # Mark Hammond (mhammond)
start = "2025-10-08"
end = "2027-07-31"
notes = "Maintained by the Glean and Application Services teams"
aggregated-from = "https://hg.mozilla.org/mozilla-central/raw-file/tip/supply-chain/audits.toml"

[[audits.mozilla.wildcard-audits.uniffi_udl]]
who = "Ben Dean-Kawamura <bdk@mozilla.com>"
criteria = "safe-to-deploy"
user-id = 111105 # Mark Hammond (mhammond)
start = "2023-11-20"
end = "2027-07-31"
notes = "Maintained by the Glean and Application Services teams"
aggregated-from = "https://hg.mozilla.org/mozilla-central/raw-file/tip/supply-chain/audits.toml"

[[audits.mozilla.wildcard-audits.weedle2]]
who = "Jan-Erik Rediger <jrediger@mozilla.com>"
criteria = "safe-to-deploy"
user-id = 127697 # bendk
start = "2022-06-16"
end = "2026-03-14"
notes = "Maintained by Mozilla"
aggregated-from = "https://raw.githubusercontent.com/mozilla/glean/main/supply-chain/audits.toml"

[[audits.mozilla.audits.askama]]
who = "Ben Dean-Kawamura <bdk@mozilla.com>"
criteria = "safe-to-deploy"
version = "0.13.1"
notes = """
Template crate.  This is only used to generate the Rust/JS code for UniFFI.

We used to use askama, then we switched to rinja which was a fork.  Now rinja and
askama have merged again.

The differences from askama 0.12, are pretty straightforward and don't seem risky to me.  There's
some unsafe code and macros, but nothing that complicated.
"""
aggregated-from = "https://hg.mozilla.org/mozilla-central/raw-file/tip/supply-chain/audits.toml"

[[audits.mozilla.audits.askama]]
who = "Jan-Erik Rediger <jrediger@mozilla.com>"
criteria = "safe-to-deploy"
delta = "0.13.1 -> 0.14.0"
aggregated-from = "https://raw.githubusercontent.com/mozilla/glean/main/supply-chain/audits.toml"

[[audits.mozilla.audits.askama]]
who = "Ben Dean-Kawamura <bdk@mozilla.com>"
criteria = "safe-to-deploy"
delta = "0.14.0 -> 0.16.0"
notes = """
Most of the changes were refactors to the filter code.
No dependency changes, except updates the criterion dev-dependency.
"""
aggregated-from = "https://hg.mozilla.org/mozilla-central/raw-file/tip/supply-chain/audits.toml"

[[audits.mozilla.audits.askama_derive]]
who = "Ben Dean-Kawamura <bdk@mozilla.com>"
criteria = "safe-to-deploy"
version = "0.13.1"
notes = """
Template crate.  This is only used to generate the Rust/JS code for UniFFI.

We used to use askama, then we switched to rinja which was a fork.  Now rinja and
askama have merged again.

I did a quick scan of the current code and couldn't find any issues.
"""
aggregated-from = "https://hg.mozilla.org/mozilla-central/raw-file/tip/supply-chain/audits.toml"

[[audits.mozilla.audits.askama_derive]]
who = "Jan-Erik Rediger <jrediger@mozilla.com>"
criteria = "safe-to-deploy"
delta = "0.13.1 -> 0.14.0"
aggregated-from = "https://raw.githubusercontent.com/mozilla/glean/main/supply-chain/audits.toml"

[[audits.mozilla.audits.askama_derive]]
who = "Ben Dean-Kawamura <bdk@mozilla.com>"
criteria = "safe-to-deploy"
delta = "0.14.0 -> 0.16.0"
notes = """
The generated code contains a couple new `unsafe` blocks, but nothing too dangerous.
This brings in several new dependencies and updates existing ones.
"""
aggregated-from = "https://hg.mozilla.org/mozilla-central/raw-file/tip/supply-chain/audits.toml"

[[audits.mozilla.audits.askama_macros]]
who = "Ben Dean-Kawamura <bdk@mozilla.com>"
criteria = "safe-to-deploy"
version = "0.16.0"
notes = "This crate contains almost no code, it just defines the macros from `askama_derive`."
aggregated-from = "https://hg.mozilla.org/mozilla-central/raw-file/tip/supply-chain/audits.toml"

[[audits.mozilla.audits.askama_parser]]
who = "Ben Dean-Kawamura <bdk@mozilla.com>"
criteria = "safe-to-deploy"
version = "0.13.0"
notes = """
Template crate.  This is only used to generate the Rust/JS code for UniFFI.

We used to use askama, then we switched to rinja which was a fork.  Now rinja and
askama have merged again.

I did a quick scan of the current code and couldn't find any issues.
"""
aggregated-from = "https://hg.mozilla.org/mozilla-central/raw-file/tip/supply-chain/audits.toml"

[[audits.mozilla.audits.askama_parser]]
who = "Jan-Erik Rediger <jrediger@mozilla.com>"
criteria = "safe-to-deploy"
delta = "0.13.0 -> 0.14.0"
aggregated-from = "https://raw.githubusercontent.com/mozilla/glean/main/supply-chain/audits.toml"

[[audits.mozilla.audits.askama_parser]]
who = "Ben Dean-Kawamura <bdk@mozilla.com>"
criteria = "safe-to-deploy"
delta = "0.14.0 -> 0.16.0"
notes = "Several new dependencies and dependency upgrades.  There were a ton of changes here, but it felt safe to me because it's just parsing code."
aggregated-from = "https://hg.mozilla.org/mozilla-central/raw-file/tip/supply-chain/audits.toml"

[[audits.mozilla.audits.cargo_metadata]]
who = "Ben Dean-Kawamura <bdk@mozilla.com>"
criteria = "safe-to-deploy"
delta = "0.19.2 -> 0.23.1"
notes = "Some dependency updates and very minor API changes.  No new unsafe code."
aggregated-from = "https://hg.mozilla.org/mozilla-central/raw-file/tip/supply-chain/audits.toml"

[[audits.mozilla.audits.hex]]
who = "Simon Friedberger <simon@mozilla.com>"
criteria = "safe-to-deploy"
version = "0.4.3"
aggregated-from = "https://hg.mozilla.org/mozilla-central/raw-file/tip/supply-chain/audits.toml"

[[audits.mozilla.audits.indexmap]]
who = "Erich Gubler <erichdongubler@gmail.com>"
criteria = "safe-to-deploy"
delta = "2.8.0 -> 2.11.4"
aggregated-from = "https://hg.mozilla.org/mozilla-central/raw-file/tip/supply-chain/audits.toml"

[[audits.mozilla.audits.indexmap]]
who = "Ben Dean-Kawamura <bdk@mozilla.com>"
criteria = "safe-to-deploy"
delta = "2.11.4 -> 2.14.0"
notes = "Mostly internal refactorings.  No new unsafe code."
aggregated-from = "https://hg.mozilla.org/mozilla-central/raw-file/tip/supply-chain/audits.toml"

[[audits.mozilla.audits.percent-encoding]]
who = "Valentin Gosu <valentin.gosu@gmail.com>"
criteria = "safe-to-deploy"
delta = "2.2.0 -> 2.3.0"
aggregated-from = "https://hg.mozilla.org/mozilla-central/raw-file/tip/supply-chain/audits.toml"

[[audits.mozilla.audits.percent-encoding]]
who = "Valentin Gosu <valentin.gosu@gmail.com>"
criteria = "safe-to-deploy"
delta = "2.3.0 -> 2.3.1"
aggregated-from = "https://hg.mozilla.org/mozilla-central/raw-file/tip/supply-chain/audits.toml"

[[audits.mozilla.audits.percent-encoding]]
who = "edgul <ed.guloien@gmail.com>"
criteria = "safe-to-deploy"
delta = "2.3.1 -> 2.3.2"
aggregated-from = "https://hg.mozilla.org/mozilla-central/raw-file/tip/supply-chain/audits.toml"

[[audits.mozilla.audits.quote]]
who = "Jan-Erik Rediger <jrediger@mozilla.com>"
criteria = "safe-to-deploy"
delta = "1.0.40 -> 1.0.45"
aggregated-from = "https://raw.githubusercontent.com/mozilla/glean/main/supply-chain/audits.toml"

[[audits.mozilla.audits.quote]]
who = "Jan-Erik Rediger <jrediger@mozilla.com>"
criteria = "safe-to-deploy"
delta = "1.0.45 -> 1.0.47"
aggregated-from = "https://raw.githubusercontent.com/mozilla/glean/main/supply-chain/audits.toml"

[[audits.mozilla.audits.rustc_version]]
who = "Nika Layzell <nika@thelayzells.com>"
criteria = "safe-to-deploy"
version = "0.4.0"
notes = """
Use of powerful capabilities is limited to invoking `rustc -vV` to get version
information for parsing version information.
"""
aggregated-from = "https://raw.githubusercontent.com/mozilla/cargo-vet/main/supply-chain/audits.toml"

[[audits.mozilla.audits.semver]]
who = "Ben Dean-Kawamura <bdk@mozilla.com>"
criteria = "safe-to-deploy"
delta = "1.0.16 -> 1.0.28"
notes = "Very few changes, mostly removes support for older Rust versions.  Some unsafe code refactored, but it seemed to be functionally equivalent to me."
aggregated-from = "https://hg.mozilla.org/mozilla-central/raw-file/tip/supply-chain/audits.toml"

[[audits.mozilla.audits.semver]]
who = "Bobby Holley <bobbyholley@gmail.com>"
criteria = "safe-to-deploy"
delta = "1.0.17 -> 1.0.16"
aggregated-from = "https://hg.mozilla.org/mozilla-central/raw-file/tip/supply-chain/audits.toml"

[[audits.mozilla.audits.serde_spanned]]
who = "Ben Dean-Kawamura <bdk@mozilla.com>"
criteria = "safe-to-deploy"
version = "1.0.3"
notes = "Relatively simple Serde trait implementations.  No IO or unsafe code."
aggregated-from = "https://hg.mozilla.org/mozilla-central/raw-file/tip/supply-chain/audits.toml"

[[audits.mozilla.audits.serde_spanned]]
who = "Ben Dean-Kawamura <bdk@mozilla.com>"
criteria = "safe-to-deploy"
delta = "1.0.3 -> 1.1.1"
notes = "No code changes, just dependency updates."
aggregated-from = "https://hg.mozilla.org/mozilla-central/raw-file/tip/supply-chain/audits.toml"

[[audits.mozilla.audits.sha2]]
who = "Mike Hommey <mh+mozilla@glandium.org>"
criteria = "safe-to-deploy"
delta = "0.10.2 -> 0.10.6"
aggregated-from = "https://hg.mozilla.org/mozilla-central/raw-file/tip/supply-chain/audits.toml"

[[audits.mozilla.audits.sha2]]
who = "Jeff Muizelaar <jmuizelaar@mozilla.com>"
criteria = "safe-to-deploy"
delta = "0.10.6 -> 0.10.8"
notes = """
The bulk of this is https://github.com/RustCrypto/hashes/pull/490 which adds aarch64 support along with another PR adding longson.
I didn't check the implementation thoroughly but there wasn't anything obviously nefarious. 0.10.8 has been out for more than a year
which suggests no one else has found anything either.
"""
aggregated-from = "https://hg.mozilla.org/mozilla-central/raw-file/tip/supply-chain/audits.toml"

[[audits.mozilla.audits.strsim]]
who = "Ben Dean-Kawamura <bdk@mozilla.com>"
criteria = "safe-to-deploy"
delta = "0.10.0 -> 0.11.1"
aggregated-from = "https://hg.mozilla.org/mozilla-central/raw-file/tip/supply-chain/audits.toml"

[[audits.mozilla.audits.subtle]]
who = "Simon Friedberger <simon@mozilla.com>"
criteria = "safe-to-deploy"
version = "2.5.0"
notes = "The goal is to provide some constant-time correctness for cryptographic implementations. The approach is reasonable, it is known to be insufficient but this is pointed out in the documentation."
aggregated-from = "https://hg.mozilla.org/mozilla-central/raw-file/tip/supply-chain/audits.toml"

[[audits.mozilla.audits.textwrap]]
who = "Jan-Erik Rediger <jrediger@mozilla.com>"
criteria = "safe-to-deploy"
version = "0.15.0"
aggregated-from = "https://raw.githubusercontent.com/mozilla/glean/main/supply-chain/audits.toml"

[[audits.mozilla.audits.textwrap]]
who = "Mike Hommey <mh+mozilla@glandium.org>"
criteria = "safe-to-deploy"
delta = "0.15.0 -> 0.15.2"
aggregated-from = "https://hg.mozilla.org/mozilla-central/raw-file/tip/supply-chain/audits.toml"

[[audits.mozilla.audits.textwrap]]
who = "Mike Hommey <mh+mozilla@glandium.org>"
criteria = "safe-to-deploy"
delta = "0.15.2 -> 0.16.0"
aggregated-from = "https://hg.mozilla.org/mozilla-central/raw-file/tip/supply-chain/audits.toml"

[[audits.mozilla.audits.textwrap]]
who = "Jan-Erik Rediger <jrediger@mozilla.com>"
criteria = "safe-to-deploy"
delta = "0.16.0 -> 0.16.1"
aggregated-from = "https://hg.mozilla.org/mozilla-central/raw-file/tip/supply-chain/audits.toml"

[[audits.mozilla.audits.textwrap]]
who = "Nika Layzell <nika@thelayzells.com>"
criteria = "safe-to-deploy"
delta = "0.16.1 -> 0.16.2"
aggregated-from = "https://raw.githubusercontent.com/mozilla/cargo-vet/main/supply-chain/audits.toml"

[[audits.mozilla.audits.toml_datetime]]
who = "Jan-Erik Rediger <jrediger@mozilla.com>"
criteria = "safe-to-deploy"
version = "0.7.5+spec-1.1.0"
notes = "Pure data type crate with some datetime parsing. No unsafe."
aggregated-from = "https://raw.githubusercontent.com/mozilla/glean/main/supply-chain/audits.toml"

[[audits.mozilla.audits.toml_datetime]]
who = "Ben Dean-Kawamura <bdk@mozilla.com>"
criteria = "safe-to-deploy"
delta = "0.7.3 -> 1.1.1+spec-1.1.0"
notes = "Minimal changes, no new unsafe code."
aggregated-from = "https://hg.mozilla.org/mozilla-central/raw-file/tip/supply-chain/audits.toml"

[[audits.mozilla.audits.toml_datetime]]
who = "Jan-Erik Rediger <jrediger@mozilla.com>"
criteria = "safe-to-deploy"
delta = "0.7.5+spec-1.1.0 -> 0.7.3"
notes = "Version downgrade to cover the full vetted version range"
aggregated-from = "https://raw.githubusercontent.com/mozilla/glean/main/supply-chain/audits.toml"
